
Microsoft Visual Studio Solution File, Format Version 12.00
# Visual Studio Version 16
VisualStudioVersion = 16.0.33027.164
MinimumVisualStudioVersion = 10.0.40219.1
Project("{FAE04EC0-301F-11D3-BF4B-00C04F79EFBC}") = "BackupIncremental", "BackupIncremental\BackupIncremental.csproj", "{CFC3D0EE-53A9-4392-B2D4-1E6AF5A8C063}"
EndProject
Project("{FAE04EC0-301F-11D3-BF4B-00C04F79EFBC}") = "Uteis", "..\ProjetosCSharp\Uteis\Uteis\Uteis.csproj", "{44AAB3A7-F4AC-42F1-BED9-8B056A9256F9}"
EndProject
Global
	GlobalSection(SolutionConfigurationPlatforms) = preSolution
		Debug|Any CPU = Debug|Any CPU
		Release|Any CPU = Release|Any CPU
	EndGlobalSection
	GlobalSection(ProjectConfigurationPlatforms) = postSolution
		{CFC3D0EE-53A9-4392-B2D4-1E6AF5A8C063}.Debug|Any CPU.ActiveCfg = Debug|Any CPU
		{CFC3D0EE-53A9-4392-B2D4-1E6AF5A8C063}.Debug|Any CPU.Build.0 = Debug|Any CPU
		{CFC3D0EE-53A9-4392-B2D4-1E6AF5A8C063}.Release|Any CPU.ActiveCfg = Release|Any CPU
		{CFC3D0EE-53A9-4392-B2D4-1E6AF5A8C063}.Release|Any CPU.Build.0 = Release|Any CPU
		{44AAB3A7-F4AC-42F1-BED9-8B056A9256F9}.Debug|Any CPU.ActiveCfg = Debug|Any CPU
		{44AAB3A7-F4AC-42F1-BED9-8B056A9256F9}.Debug|Any CPU.Build.0 = Debug|Any CPU
		{44AAB3A7-F4AC-42F1-BED9-8B056A9256F9}.Release|Any CPU.ActiveCfg = Release|Any CPU
		{44AAB3A7-F4AC-42F1-BED9-8B056A9256F9}.Release|Any CPU.Build.0 = Release|Any CPU
	EndGlobalSection
	GlobalSection(SolutionProperties) = preSolution
		HideSolutionNode = FALSE
	EndGlobalSection
	GlobalSection(ExtensibilityGlobals) = postSolution
		SolutionGuid = {2AC379FC-EA2B-4355-8918-C0DBE8866A77}
	EndGlobalSection
EndGlobal
