
Microsoft Visual Studio Solution File, Format Version 12.00
# Visual Studio Version 17
VisualStudioVersion = 17.14.36623.8
MinimumVisualStudioVersion = 10.0.40219.1
Project("{2150E333-8FDC-42A3-9474-1A3956D46DE8}") = "01-Presentation", "01-Presentation", "{02EA681E-C7D8-13C7-8484-4AC65E1B71E8}"
EndProject
Project("{2150E333-8FDC-42A3-9474-1A3956D46DE8}") = "02-Aplication", "02-Aplication", "{821BFDDE-CF28-4C69-82D6-91B22C01A563}"
EndProject
Project("{2150E333-8FDC-42A3-9474-1A3956D46DE8}") = "03-Domain", "03-Domain", "{60443B61-312D-4F53-BBC5-98FF56A21A84}"
EndProject
Project("{2150E333-8FDC-42A3-9474-1A3956D46DE8}") = "04-Infra", "04-Infra", "{D5DA64BE-9F99-4F8E-9398-B1B2831CFC04}"
EndProject
Project("{2150E333-8FDC-42A3-9474-1A3956D46DE8}") = "05-Testes", "05-Testes", "{D1847708-B87A-4F58-B158-0A4C04A367C1}"
EndProject
Project("{FAE04EC0-301F-11D3-BF4B-00C04F79EFBC}") = "BackupIncremental.DeskTop", "Presentation\BackupIncremental.DeskTop\BackupIncremental.DeskTop.csproj", "{25989CCC-1523-42D9-931F-7FE57A0AFD0A}"
EndProject
Global
	GlobalSection(SolutionConfigurationPlatforms) = preSolution
		Debug|Any CPU = Debug|Any CPU
		Release|Any CPU = Release|Any CPU
	EndGlobalSection
	GlobalSection(ProjectConfigurationPlatforms) = postSolution
		{25989CCC-1523-42D9-931F-7FE57A0AFD0A}.Debug|Any CPU.ActiveCfg = Debug|Any CPU
		{25989CCC-1523-42D9-931F-7FE57A0AFD0A}.Debug|Any CPU.Build.0 = Debug|Any CPU
		{25989CCC-1523-42D9-931F-7FE57A0AFD0A}.Release|Any CPU.ActiveCfg = Release|Any CPU
		{25989CCC-1523-42D9-931F-7FE57A0AFD0A}.Release|Any CPU.Build.0 = Release|Any CPU
	EndGlobalSection
	GlobalSection(SolutionProperties) = preSolution
		HideSolutionNode = FALSE
	EndGlobalSection
	GlobalSection(NestedProjects) = preSolution
		{25989CCC-1523-42D9-931F-7FE57A0AFD0A} = {02EA681E-C7D8-13C7-8484-4AC65E1B71E8}
	EndGlobalSection
	GlobalSection(ExtensibilityGlobals) = postSolution
		SolutionGuid = {2AC379FC-EA2B-4355-8918-C0DBE8866A77}
	EndGlobalSection
EndGlobal
